// !$*UTF8*$!
{
	archiveVersion = 1;
	classes = {
	};
	objectVersion = 46;
	objects = {

/* Begin PBXBuildFile section */
		8EB781801D45F79E000B6BDE /* ___Tests.m in Sources */ = {isa = PBXBuildFile; fileRef = 8EB7817F1D45F79E000B6BDE /* ___Tests.m */; };
		8EB7818D1D45F7FB000B6BDE /* SingleListManager.m in Sources */ = {isa = PBXBuildFile; fileRef = 8EB7818C1D45F7FB000B6BDE /* SingleListManager.m */; };
		8EB781901D45F819000B6BDE /* SingleListItem.m in Sources */ = {isa = PBXBuildFile; fileRef = 8EB7818F1D45F819000B6BDE /* SingleListItem.m */; };
		8EB781951D45F953000B6BDE /* DoubleListManager.m in Sources */ = {isa = PBXBuildFile; fileRef = 8EB781941D45F952000B6BDE /* DoubleListManager.m */; };
		8EB781981D45F963000B6BDE /* DoubleListItem.m in Sources */ = {isa = PBXBuildFile; fileRef = 8EB781971D45F963000B6BDE /* DoubleListItem.m */; };
		8EB7819B1D45F977000B6BDE /* CircleListManager.m in Sources */ = {isa = PBXBuildFile; fileRef = 8EB7819A1D45F977000B6BDE /* CircleListManager.m */; };
		8EB7819E1D45F98A000B6BDE /* CircleListItem.m in Sources */ = {isa = PBXBuildFile; fileRef = 8EB7819D1D45F98A000B6BDE /* CircleListItem.m */; };
		8EB781A11D45FB18000B6BDE /* SingleList.m in Sources */ = {isa = PBXBuildFile; fileRef = 8EB781A01D45FB18000B6BDE /* SingleList.m */; };
		8EB781A41D45FB24000B6BDE /* DoubleList.m in Sources */ = {isa = PBXBuildFile; fileRef = 8EB781A31D45FB24000B6BDE /* DoubleList.m */; };
		8EB781A71D45FB2E000B6BDE /* CircleList.m in Sources */ = {isa = PBXBuildFile; fileRef = 8EB781A61D45FB2E000B6BDE /* CircleList.m */; };
		8EB781AD1D460176000B6BDE /* DoubleListHeader.m in Sources */ = {isa = PBXBuildFile; fileRef = 8EB781AC1D460176000B6BDE /* DoubleListHeader.m */; };
		8EB781B01D460183000B6BDE /* CircleListHeader.m in Sources */ = {isa = PBXBuildFile; fileRef = 8EB781AF1D460183000B6BDE /* CircleListHeader.m */; };
		8EB781B31D460DDE000B6BDE /* SingleListHeader.m in Sources */ = {isa = PBXBuildFile; fileRef = 8EB781B21D460DDE000B6BDE /* SingleListHeader.m */; };
		8EB781C01D461302000B6BDE /* AppDelegate.m in Sources */ = {isa = PBXBuildFile; fileRef = 8EB781B51D461302000B6BDE /* AppDelegate.m */; };
		8EB781C11D461302000B6BDE /* Assets.xcassets in Resources */ = {isa = PBXBuildFile; fileRef = 8EB781B61D461302000B6BDE /* Assets.xcassets */; };
		8EB781C21D461302000B6BDE /* LaunchScreen.storyboard in Resources */ = {isa = PBXBuildFile; fileRef = 8EB781B81D461302000B6BDE /* LaunchScreen.storyboard */; };
		8EB781C31D461302000B6BDE /* Main.storyboard in Resources */ = {isa = PBXBuildFile; fileRef = 8EB781BA1D461302000B6BDE /* Main.storyboard */; };
		8EB781C41D461302000B6BDE /* Info.plist in Resources */ = {isa = PBXBuildFile; fileRef = 8EB781BC1D461302000B6BDE /* Info.plist */; };
		8EB781C51D461302000B6BDE /* main.m in Sources */ = {isa = PBXBuildFile; fileRef = 8EB781BD1D461302000B6BDE /* main.m */; };
		8EB781C61D461302000B6BDE /* ViewController.m in Sources */ = {isa = PBXBuildFile; fileRef = 8EB781BF1D461302000B6BDE /* ViewController.m */; };
		8EB781CB1D461D89000B6BDE /* LaunchScreen.storyboard in Resources */ = {isa = PBXBuildFile; fileRef = 8EB781C71D461D89000B6BDE /* LaunchScreen.storyboard */; };
		8EB781CC1D461D89000B6BDE /* Main.storyboard in Resources */ = {isa = PBXBuildFile; fileRef = 8EB781C91D461D89000B6BDE /* Main.storyboard */; };
/* End PBXBuildFile section */

/* Begin PBXContainerItemProxy section */
		8EB7817C1D45F79E000B6BDE /* PBXContainerItemProxy */ = {
			isa = PBXContainerItemProxy;
			containerPortal = 8EB7815A1D45F79E000B6BDE /* Project object */;
			proxyType = 1;
			remoteGlobalIDString = 8EB781611D45F79E000B6BDE;
			remoteInfo = "单链表";
		};
/* End PBXContainerItemProxy section */

/* Begin PBXFileReference section */
		8EB781621D45F79E000B6BDE /* 链表.app */ = {isa = PBXFileReference; explicitFileType = wrapper.application; includeInIndex = 0; path = "链表.app"; sourceTree = BUILT_PRODUCTS_DIR; };
		8EB781661D45F79E000B6BDE /* main.m */ = {isa = PBXFileReference; lastKnownFileType = sourcecode.c.objc; path = main.m; sourceTree = "<group>"; };
		8EB7817B1D45F79E000B6BDE /* 链表.xctest */ = {isa = PBXFileReference; explicitFileType = wrapper.cfbundle; includeInIndex = 0; path = "链表.xctest"; sourceTree = BUILT_PRODUCTS_DIR; };
		8EB7817F1D45F79E000B6BDE /* ___Tests.m */ = {isa = PBXFileReference; lastKnownFileType = sourcecode.c.objc; path = "___Tests.m"; sourceTree = "<group>"; };
		8EB781811D45F79E000B6BDE /* Info.plist */ = {isa = PBXFileReference; lastKnownFileType = text.plist.xml; path = Info.plist; sourceTree = "<group>"; };
		8EB7818B1D45F7FB000B6BDE /* SingleListManager.h */ = {isa = PBXFileReference; fileEncoding = 4; lastKnownFileType = sourcecode.c.h; name = SingleListManager.h; path = SingleList/SingleListManager.h; sourceTree = "<group>"; };
		8EB7818C1D45F7FB000B6BDE /* SingleListManager.m */ = {isa = PBXFileReference; fileEncoding = 4; lastKnownFileType = sourcecode.c.objc; name = SingleListManager.m; path = SingleList/SingleListManager.m; sourceTree = "<group>"; };
		8EB7818E1D45F819000B6BDE /* SingleListItem.h */ = {isa = PBXFileReference; fileEncoding = 4; lastKnownFileType = sourcecode.c.h; name = SingleListItem.h; path = SingleList/SingleListItem.h; sourceTree = "<group>"; };
		8EB7818F1D45F819000B6BDE /* SingleListItem.m */ = {isa = PBXFileReference; fileEncoding = 4; lastKnownFileType = sourcecode.c.objc; name = SingleListItem.m; path = SingleList/SingleListItem.m; sourceTree = "<group>"; };
		8EB781931D45F952000B6BDE /* DoubleListManager.h */ = {isa = PBXFileReference; fileEncoding = 4; lastKnownFileType = sourcecode.c.h; name = DoubleListManager.h; path = DoubleList/DoubleListManager.h; sourceTree = "<group>"; };
		8EB781941D45F952000B6BDE /* DoubleListManager.m */ = {isa = PBXFileReference; fileEncoding = 4; lastKnownFileType = sourcecode.c.objc; name = DoubleListManager.m; path = DoubleList/DoubleListManager.m; sourceTree = "<group>"; };
		8EB781961D45F963000B6BDE /* DoubleListItem.h */ = {isa = PBXFileReference; fileEncoding = 4; lastKnownFileType = sourcecode.c.h; name = DoubleListItem.h; path = DoubleList/DoubleListItem.h; sourceTree = "<group>"; };
		8EB781971D45F963000B6BDE /* DoubleListItem.m */ = {isa = PBXFileReference; fileEncoding = 4; lastKnownFileType = sourcecode.c.objc; name = DoubleListItem.m; path = DoubleList/DoubleListItem.m; sourceTree = "<group>"; };
		8EB781991D45F977000B6BDE /* CircleListManager.h */ = {isa = PBXFileReference; fileEncoding = 4; lastKnownFileType = sourcecode.c.h; name = CircleListManager.h; path = SingleList/CircleListManager.h; sourceTree = "<group>"; };
		8EB7819A1D45F977000B6BDE /* CircleListManager.m */ = {isa = PBXFileReference; fileEncoding = 4; lastKnownFileType = sourcecode.c.objc; name = CircleListManager.m; path = SingleList/CircleListManager.m; sourceTree = "<group>"; };
		8EB7819C1D45F98A000B6BDE /* CircleListItem.h */ = {isa = PBXFileReference; fileEncoding = 4; lastKnownFileType = sourcecode.c.h; name = CircleListItem.h; path = CircleList/CircleListItem.h; sourceTree = "<group>"; };
		8EB7819D1D45F98A000B6BDE /* CircleListItem.m */ = {isa = PBXFileReference; fileEncoding = 4; lastKnownFileType = sourcecode.c.objc; name = CircleListItem.m; path = CircleList/CircleListItem.m; sourceTree = "<group>"; };
		8EB7819F1D45FB18000B6BDE /* SingleList.h */ = {isa = PBXFileReference; fileEncoding = 4; lastKnownFileType = sourcecode.c.h; name = SingleList.h; path = SingleList/SingleList.h; sourceTree = "<group>"; };
		8EB781A01D45FB18000B6BDE /* SingleList.m */ = {isa = PBXFileReference; fileEncoding = 4; lastKnownFileType = sourcecode.c.objc; name = SingleList.m; path = SingleList/SingleList.m; sourceTree = "<group>"; };
		8EB781A21D45FB24000B6BDE /* DoubleList.h */ = {isa = PBXFileReference; fileEncoding = 4; lastKnownFileType = sourcecode.c.h; name = DoubleList.h; path = DoubleList/DoubleList.h; sourceTree = "<group>"; };
		8EB781A31D45FB24000B6BDE /* DoubleList.m */ = {isa = PBXFileReference; fileEncoding = 4; lastKnownFileType = sourcecode.c.objc; name = DoubleList.m; path = DoubleList/DoubleList.m; sourceTree = "<group>"; };
		8EB781A51D45FB2E000B6BDE /* CircleList.h */ = {isa = PBXFileReference; fileEncoding = 4; lastKnownFileType = sourcecode.c.h; name = CircleList.h; path = CircleList/CircleList.h; sourceTree = "<group>"; };
		8EB781A61D45FB2E000B6BDE /* CircleList.m */ = {isa = PBXFileReference; fileEncoding = 4; lastKnownFileType = sourcecode.c.objc; name = CircleList.m; path = CircleList/CircleList.m; sourceTree = "<group>"; };
		8EB781AB1D460176000B6BDE /* DoubleListHeader.h */ = {isa = PBXFileReference; fileEncoding = 4; lastKnownFileType = sourcecode.c.h; name = DoubleListHeader.h; path = DoubleList/DoubleListHeader.h; sourceTree = "<group>"; };
		8EB781AC1D460176000B6BDE /* DoubleListHeader.m */ = {isa = PBXFileReference; fileEncoding = 4; lastKnownFileType = sourcecode.c.objc; name = DoubleListHeader.m; path = DoubleList/DoubleListHeader.m; sourceTree = "<group>"; };
		8EB781AE1D460183000B6BDE /* CircleListHeader.h */ = {isa = PBXFileReference; fileEncoding = 4; lastKnownFileType = sourcecode.c.h; name = CircleListHeader.h; path = CircleList/CircleListHeader.h; sourceTree = "<group>"; };
		8EB781AF1D460183000B6BDE /* CircleListHeader.m */ = {isa = PBXFileReference; fileEncoding = 4; lastKnownFileType = sourcecode.c.objc; name = CircleListHeader.m; path = CircleList/CircleListHeader.m; sourceTree = "<group>"; };
		8EB781B11D460DDE000B6BDE /* SingleListHeader.h */ = {isa = PBXFileReference; fileEncoding = 4; lastKnownFileType = sourcecode.c.h; name = SingleListHeader.h; path = SingleList/SingleListHeader.h; sourceTree = "<group>"; };
		8EB781B21D460DDE000B6BDE /* SingleListHeader.m */ = {isa = PBXFileReference; fileEncoding = 4; lastKnownFileType = sourcecode.c.objc; name = SingleListHeader.m; path = SingleList/SingleListHeader.m; sourceTree = "<group>"; };
		8EB781B41D461302000B6BDE /* AppDelegate.h */ = {isa = PBXFileReference; fileEncoding = 4; lastKnownFileType = sourcecode.c.h; name = AppDelegate.h; path = "链表/AppDelegate.h"; sourceTree = SOURCE_ROOT; };
		8EB781B51D461302000B6BDE /* AppDelegate.m */ = {isa = PBXFileReference; fileEncoding = 4; lastKnownFileType = sourcecode.c.objc; name = AppDelegate.m; path = "链表/AppDelegate.m"; sourceTree = SOURCE_ROOT; };
		8EB781B61D461302000B6BDE /* Assets.xcassets */ = {isa = PBXFileReference; lastKnownFileType = folder.assetcatalog; name = Assets.xcassets; path = "链表/Assets.xcassets"; sourceTree = SOURCE_ROOT; };
		8EB781B91D461302000B6BDE /* Base */ = {isa = PBXFileReference; lastKnownFileType = file.storyboard; name = Base; path = LaunchScreen.storyboard; sourceTree = "<group>"; };
		8EB781BB1D461302000B6BDE /* Base */ = {isa = PBXFileReference; lastKnownFileType = file.storyboard; name = Base; path = Main.storyboard; sourceTree = "<group>"; };
		8EB781BC1D461302000B6BDE /* Info.plist */ = {isa = PBXFileReference; fileEncoding = 4; lastKnownFileType = text.plist.xml; name = Info.plist; path = "链表/Info.plist"; sourceTree = SOURCE_ROOT; };
		8EB781BD1D461302000B6BDE /* main.m */ = {isa = PBXFileReference; fileEncoding = 4; lastKnownFileType = sourcecode.c.objc; name = main.m; path = "链表/main.m"; sourceTree = SOURCE_ROOT; };
		8EB781BE1D461302000B6BDE /* ViewController.h */ = {isa = PBXFileReference; fileEncoding = 4; lastKnownFileType = sourcecode.c.h; name = ViewController.h; path = "链表/ViewController.h"; sourceTree = SOURCE_ROOT; };
		8EB781BF1D461302000B6BDE /* ViewController.m */ = {isa = PBXFileReference; fileEncoding = 4; lastKnownFileType = sourcecode.c.objc; name = ViewController.m; path = "链表/ViewController.m"; sourceTree = SOURCE_ROOT; };
		8EB781C81D461D89000B6BDE /* Base */ = {isa = PBXFileReference; lastKnownFileType = file.storyboard; name = Base; path = "链表/Base.lproj/LaunchScreen.storyboard"; sourceTree = SOURCE_ROOT; };
		8EB781CA1D461D89000B6BDE /* Base */ = {isa = PBXFileReference; lastKnownFileType = file.storyboard; name = Base; path = "链表/Base.lproj/Main.storyboard"; sourceTree = SOURCE_ROOT; };
/* End PBXFileReference section */

/* Begin PBXFrameworksBuildPhase section */
		8EB7815F1D45F79E000B6BDE /* Frameworks */ = {
			isa = PBXFrameworksBuildPhase;
			buildActionMask = 2147483647;
			files = (
			);
			runOnlyForDeploymentPostprocessing = 0;
		};
		8EB781781D45F79E000B6BDE /* Frameworks */ = {
			isa = PBXFrameworksBuildPhase;
			buildActionMask = 2147483647;
			files = (
			);
			runOnlyForDeploymentPostprocessing = 0;
		};
/* End PBXFrameworksBuildPhase section */

/* Begin PBXGroup section */
		8EB781591D45F79E000B6BDE = {
			isa = PBXGroup;
			children = (
				8EB781921D45F93C000B6BDE /* CircleList */,
				8EB781911D45F902000B6BDE /* DoubleList */,
				8EB7818A1D45F7D6000B6BDE /* SingleList */,
				8EB781641D45F79E000B6BDE /* 链表 */,
				8EB7817E1D45F79E000B6BDE /* 链表Tests */,
				8EB781631D45F79E000B6BDE /* Products */,
			);
			sourceTree = "<group>";
		};
		8EB781631D45F79E000B6BDE /* Products */ = {
			isa = PBXGroup;
			children = (
				8EB781621D45F79E000B6BDE /* 链表.app */,
				8EB7817B1D45F79E000B6BDE /* 链表.xctest */,
			);
			name = Products;
			sourceTree = "<group>";
		};
		8EB781641D45F79E000B6BDE /* 链表 */ = {
			isa = PBXGroup;
			children = (
				8EB781B41D461302000B6BDE /* AppDelegate.h */,
				8EB781B51D461302000B6BDE /* AppDelegate.m */,
				8EB781BE1D461302000B6BDE /* ViewController.h */,
				8EB781BF1D461302000B6BDE /* ViewController.m */,
				8EB781B61D461302000B6BDE /* Assets.xcassets */,
				8EB781BD1D461302000B6BDE /* main.m */,
				8EB781B71D461302000B6BDE /* Base.lproj */,
				8EB781BC1D461302000B6BDE /* Info.plist */,
				8EB781C71D461D89000B6BDE /* LaunchScreen.storyboard */,
				8EB781C91D461D89000B6BDE /* Main.storyboard */,
				8EB781651D45F79E000B6BDE /* Supporting Files */,
			);
			name = "链表";
			path = "单链表";
			sourceTree = "<group>";
		};
		8EB781651D45F79E000B6BDE /* Supporting Files */ = {
			isa = PBXGroup;
			children = (
				8EB781661D45F79E000B6BDE /* main.m */,
			);
			name = "Supporting Files";
			sourceTree = "<group>";
		};
		8EB7817E1D45F79E000B6BDE /* 链表Tests */ = {
			isa = PBXGroup;
			children = (
				8EB7817F1D45F79E000B6BDE /* ___Tests.m */,
				8EB781811D45F79E000B6BDE /* Info.plist */,
			);
			name = "链表Tests";
			path = "单链表Tests";
			sourceTree = "<group>";
		};
		8EB7818A1D45F7D6000B6BDE /* SingleList */ = {
			isa = PBXGroup;
			children = (
				8EB7818B1D45F7FB000B6BDE /* SingleListManager.h */,
				8EB7818C1D45F7FB000B6BDE /* SingleListManager.m */,
				8EB7818E1D45F819000B6BDE /* SingleListItem.h */,
				8EB7818F1D45F819000B6BDE /* SingleListItem.m */,
				8EB7819F1D45FB18000B6BDE /* SingleList.h */,
				8EB781A01D45FB18000B6BDE /* SingleList.m */,
				8EB781B11D460DDE000B6BDE /* SingleListHeader.h */,
				8EB781B21D460DDE000B6BDE /* SingleListHeader.m */,
			);
			name = SingleList;
			sourceTree = "<group>";
		};
		8EB781911D45F902000B6BDE /* DoubleList */ = {
			isa = PBXGroup;
			children = (
				8EB781931D45F952000B6BDE /* DoubleListManager.h */,
				8EB781941D45F952000B6BDE /* DoubleListManager.m */,
				8EB781961D45F963000B6BDE /* DoubleListItem.h */,
				8EB781971D45F963000B6BDE /* DoubleListItem.m */,
				8EB781A21D45FB24000B6BDE /* DoubleList.h */,
				8EB781A31D45FB24000B6BDE /* DoubleList.m */,
				8EB781AB1D460176000B6BDE /* DoubleListHeader.h */,
				8EB781AC1D460176000B6BDE /* DoubleListHeader.m */,
			);
			name = DoubleList;
			sourceTree = "<group>";
		};
		8EB781921D45F93C000B6BDE /* CircleList */ = {
			isa = PBXGroup;
			children = (
				8EB781991D45F977000B6BDE /* CircleListManager.h */,
				8EB7819A1D45F977000B6BDE /* CircleListManager.m */,
				8EB7819C1D45F98A000B6BDE /* CircleListItem.h */,
				8EB7819D1D45F98A000B6BDE /* CircleListItem.m */,
				8EB781A51D45FB2E000B6BDE /* CircleList.h */,
				8EB781A61D45FB2E000B6BDE /* CircleList.m */,
				8EB781AE1D460183000B6BDE /* CircleListHeader.h */,
				8EB781AF1D460183000B6BDE /* CircleListHeader.m */,
			);
			name = CircleList;
			sourceTree = "<group>";
		};
		8EB781B71D461302000B6BDE /* Base.lproj */ = {
			isa = PBXGroup;
			children = (
				8EB781B81D461302000B6BDE /* LaunchScreen.storyboard */,
				8EB781BA1D461302000B6BDE /* Main.storyboard */,
			);
			name = Base.lproj;
			path = "链表/Base.lproj";
			sourceTree = SOURCE_ROOT;
		};
/* End PBXGroup section */

/* Begin PBXNativeTarget section */
		8EB781611D45F79E000B6BDE /* 链表 */ = {
			isa = PBXNativeTarget;
			buildConfigurationList = 8EB781841D45F79E000B6BDE /* Build configuration list for PBXNativeTarget "链表" */;
			buildPhases = (
				8EB7815E1D45F79E000B6BDE /* Sources */,
				8EB7815F1D45F79E000B6BDE /* Frameworks */,
				8EB781601D45F79E000B6BDE /* Resources */,
			);
			buildRules = (
			);
			dependencies = (
			);
			name = "链表";
			productName = "单链表";
			productReference = 8EB781621D45F79E000B6BDE /* 链表.app */;
			productType = "com.apple.product-type.application";
		};
		8EB7817A1D45F79E000B6BDE /* 链表Tests */ = {
			isa = PBXNativeTarget;
			buildConfigurationList = 8EB781871D45F79E000B6BDE /* Build configuration list for PBXNativeTarget "链表Tests" */;
			buildPhases = (
				8EB781771D45F79E000B6BDE /* Sources */,
				8EB781781D45F79E000B6BDE /* Frameworks */,
				8EB781791D45F79E000B6BDE /* Resources */,
			);
			buildRules = (
			);
			dependencies = (
				8EB7817D1D45F79E000B6BDE /* PBXTargetDependency */,
			);
			name = "链表Tests";
			productName = "单链表Tests";
			productReference = 8EB7817B1D45F79E000B6BDE /* 链表.xctest */;
			productType = "com.apple.product-type.bundle.unit-test";
		};
/* End PBXNativeTarget section */

/* Begin PBXProject section */
		8EB7815A1D45F79E000B6BDE /* Project object */ = {
			isa = PBXProject;
			attributes = {
				LastUpgradeCheck = 0730;
				ORGANIZATIONNAME = macPro;
				TargetAttributes = {
					8EB781611D45F79E000B6BDE = {
						CreatedOnToolsVersion = 7.3;
					};
					8EB7817A1D45F79E000B6BDE = {
						CreatedOnToolsVersion = 7.3;
						TestTargetID = 8EB781611D45F79E000B6BDE;
					};
				};
			};
			buildConfigurationList = 8EB7815D1D45F79E000B6BDE /* Build configuration list for PBXProject "链表" */;
			compatibilityVersion = "Xcode 3.2";
			developmentRegion = English;
			hasScannedForEncodings = 0;
			knownRegions = (
				en,
				Base,
			);
			mainGroup = 8EB781591D45F79E000B6BDE;
			productRefGroup = 8EB781631D45F79E000B6BDE /* Products */;
			projectDirPath = "";
			projectRoot = "";
			targets = (
				8EB781611D45F79E000B6BDE /* 链表 */,
				8EB7817A1D45F79E000B6BDE /* 链表Tests */,
			);
		};
/* End PBXProject section */

/* Begin PBXResourcesBuildPhase section */
		8EB781601D45F79E000B6BDE /* Resources */ = {
			isa = PBXResourcesBuildPhase;
			buildActionMask = 2147483647;
			files = (
				8EB781C31D461302000B6BDE /* Main.storyboard in Resources */,
				8EB781C41D461302000B6BDE /* Info.plist in Resources */,
				8EB781C21D461302000B6BDE /* LaunchScreen.storyboard in Resources */,
				8EB781CC1D461D89000B6BDE /* Main.storyboard in Resources */,
				8EB781CB1D461D89000B6BDE /* LaunchScreen.storyboard in Resources */,
				8EB781C11D461302000B6BDE /* Assets.xcassets in Resources */,
			);
			runOnlyForDeploymentPostprocessing = 0;
		};
		8EB781791D45F79E000B6BDE /* Resources */ = {
			isa = PBXResourcesBuildPhase;
			buildActionMask = 2147483647;
			files = (
			);
			runOnlyForDeploymentPostprocessing = 0;
		};
/* End PBXResourcesBuildPhase section */

/* Begin PBXSourcesBuildPhase section */
		8EB7815E1D45F79E000B6BDE /* Sources */ = {
			isa = PBXSourcesBuildPhase;
			buildActionMask = 2147483647;
			files = (
				8EB781B01D460183000B6BDE /* CircleListHeader.m in Sources */,
				8EB781A71D45FB2E000B6BDE /* CircleList.m in Sources */,
				8EB781A11D45FB18000B6BDE /* SingleList.m in Sources */,
				8EB781981D45F963000B6BDE /* DoubleListItem.m in Sources */,
				8EB781AD1D460176000B6BDE /* DoubleListHeader.m in Sources */,
				8EB781951D45F953000B6BDE /* DoubleListManager.m in Sources */,
				8EB781C01D461302000B6BDE /* AppDelegate.m in Sources */,
				8EB781A41D45FB24000B6BDE /* DoubleList.m in Sources */,
				8EB781B31D460DDE000B6BDE /* SingleListHeader.m in Sources */,
				8EB781C61D461302000B6BDE /* ViewController.m in Sources */,
				8EB781C51D461302000B6BDE /* main.m in Sources */,
				8EB7818D1D45F7FB000B6BDE /* SingleListManager.m in Sources */,
				8EB781901D45F819000B6BDE /* SingleListItem.m in Sources */,
				8EB7819B1D45F977000B6BDE /* CircleListManager.m in Sources */,
				8EB7819E1D45F98A000B6BDE /* CircleListItem.m in Sources */,
			);
			runOnlyForDeploymentPostprocessing = 0;
		};
		8EB781771D45F79E000B6BDE /* Sources */ = {
			isa = PBXSourcesBuildPhase;
			buildActionMask = 2147483647;
			files = (
				8EB781801D45F79E000B6BDE /* ___Tests.m in Sources */,
			);
			runOnlyForDeploymentPostprocessing = 0;
		};
/* End PBXSourcesBuildPhase section */

/* Begin PBXTargetDependency section */
		8EB7817D1D45F79E000B6BDE /* PBXTargetDependency */ = {
			isa = PBXTargetDependency;
			target = 8EB781611D45F79E000B6BDE /* 链表 */;
			targetProxy = 8EB7817C1D45F79E000B6BDE /* PBXContainerItemProxy */;
		};
/* End PBXTargetDependency section */

/* Begin PBXVariantGroup section */
		8EB781B81D461302000B6BDE /* LaunchScreen.storyboard */ = {
			isa = PBXVariantGroup;
			children = (
				8EB781B91D461302000B6BDE /* Base */,
			);
			name = LaunchScreen.storyboard;
			sourceTree = "<group>";
		};
		8EB781BA1D461302000B6BDE /* Main.storyboard */ = {
			isa = PBXVariantGroup;
			children = (
				8EB781BB1D461302000B6BDE /* Base */,
			);
			name = Main.storyboard;
			sourceTree = "<group>";
		};
		8EB781C71D461D89000B6BDE /* LaunchScreen.storyboard */ = {
			isa = PBXVariantGroup;
			children = (
				8EB781C81D461D89000B6BDE /* Base */,
			);
			name = LaunchScreen.storyboard;
			sourceTree = "<group>";
		};
		8EB781C91D461D89000B6BDE /* Main.storyboard */ = {
			isa = PBXVariantGroup;
			children = (
				8EB781CA1D461D89000B6BDE /* Base */,
			);
			name = Main.storyboard;
			sourceTree = "<group>";
		};
/* End PBXVariantGroup section */

/* Begin XCBuildConfiguration section */
		8EB781821D45F79E000B6BDE /* Debug */ = {
			isa = XCBuildConfiguration;
			buildSettings = {
				ALWAYS_SEARCH_USER_PATHS = NO;
				CLANG_ANALYZER_NONNULL = YES;
				CLANG_CXX_LANGUAGE_STANDARD = "gnu++0x";
				CLANG_CXX_LIBRARY = "libc++";
				CLANG_ENABLE_MODULES = YES;
				CLANG_ENABLE_OBJC_ARC = YES;
				CLANG_WARN_BOOL_CONVERSION = YES;
				CLANG_WARN_CONSTANT_CONVERSION = YES;
				CLANG_WARN_DIRECT_OBJC_ISA_USAGE = YES_ERROR;
				CLANG_WARN_EMPTY_BODY = YES;
				CLANG_WARN_ENUM_CONVERSION = YES;
				CLANG_WARN_INT_CONVERSION = YES;
				CLANG_WARN_OBJC_ROOT_CLASS = YES_ERROR;
				CLANG_WARN_UNREACHABLE_CODE = YES;
				CLANG_WARN__DUPLICATE_METHOD_MATCH = YES;
				"CODE_SIGN_IDENTITY[sdk=iphoneos*]" = "iPhone Developer";
				COPY_PHASE_STRIP = NO;
				DEBUG_INFORMATION_FORMAT = dwarf;
				ENABLE_STRICT_OBJC_MSGSEND = YES;
				ENABLE_TESTABILITY = YES;
				GCC_C_LANGUAGE_STANDARD = gnu99;
				GCC_DYNAMIC_NO_PIC = NO;
				GCC_NO_COMMON_BLOCKS = YES;
				GCC_OPTIMIZATION_LEVEL = 0;
				GCC_PREPROCESSOR_DEFINITIONS = (
					"DEBUG=1",
					"$(inherited)",
				);
				GCC_WARN_64_TO_32_BIT_CONVERSION = YES;
				GCC_WARN_ABOUT_RETURN_TYPE = YES_ERROR;
				GCC_WARN_UNDECLARED_SELECTOR = YES;
				GCC_WARN_UNINITIALIZED_AUTOS = YES_AGGRESSIVE;
				GCC_WARN_UNUSED_FUNCTION = YES;
				GCC_WARN_UNUSED_VARIABLE = YES;
				IPHONEOS_DEPLOYMENT_TARGET = 9.3;
				MTL_ENABLE_DEBUG_INFO = YES;
				ONLY_ACTIVE_ARCH = YES;
				SDKROOT = iphoneos;
				TARGETED_DEVICE_FAMILY = "1,2";
			};
			name = Debug;
		};
		8EB781831D45F79E000B6BDE /* Release */ = {
			isa = XCBuildConfiguration;
			buildSettings = {
				ALWAYS_SEARCH_USER_PATHS = NO;
				CLANG_ANALYZER_NONNULL = YES;
				CLANG_CXX_LANGUAGE_STANDARD = "gnu++0x";
				CLANG_CXX_LIBRARY = "libc++";
				CLANG_ENABLE_MODULES = YES;
				CLANG_ENABLE_OBJC_ARC = YES;
				CLANG_WARN_BOOL_CONVERSION = YES;
				CLANG_WARN_CONSTANT_CONVERSION = YES;
				CLANG_WARN_DIRECT_OBJC_ISA_USAGE = YES_ERROR;
				CLANG_WARN_EMPTY_BODY = YES;
				CLANG_WARN_ENUM_CONVERSION = YES;
				CLANG_WARN_INT_CONVERSION = YES;
				CLANG_WARN_OBJC_ROOT_CLASS = YES_ERROR;
				CLANG_WARN_UNREACHABLE_CODE = YES;
				CLANG_WARN__DUPLICATE_METHOD_MATCH = YES;
				"CODE_SIGN_IDENTITY[sdk=iphoneos*]" = "iPhone Developer";
				COPY_PHASE_STRIP = NO;
				DEBUG_INFORMATION_FORMAT = "dwarf-with-dsym";
				ENABLE_NS_ASSERTIONS = NO;
				ENABLE_STRICT_OBJC_MSGSEND = YES;
				GCC_C_LANGUAGE_STANDARD = gnu99;
				GCC_NO_COMMON_BLOCKS = YES;
				GCC_WARN_64_TO_32_BIT_CONVERSION = YES;
				GCC_WARN_ABOUT_RETURN_TYPE = YES_ERROR;
				GCC_WARN_UNDECLARED_SELECTOR = YES;
				GCC_WARN_UNINITIALIZED_AUTOS = YES_AGGRESSIVE;
				GCC_WARN_UNUSED_FUNCTION = YES;
				GCC_WARN_UNUSED_VARIABLE = YES;
				IPHONEOS_DEPLOYMENT_TARGET = 9.3;
				MTL_ENABLE_DEBUG_INFO = NO;
				SDKROOT = iphoneos;
				TARGETED_DEVICE_FAMILY = "1,2";
				VALIDATE_PRODUCT = YES;
			};
			name = Release;
		};
		8EB781851D45F79E000B6BDE /* Debug */ = {
			isa = XCBuildConfiguration;
			buildSettings = {
				ASSETCATALOG_COMPILER_APPICON_NAME = AppIcon;
				INFOPLIST_FILE = "$(SRCROOT)/链表/Info.plist";
				LD_RUNPATH_SEARCH_PATHS = "$(inherited) @executable_path/Frameworks";
				PRODUCT_BUNDLE_IDENTIFIER = "com.zh.---";
				PRODUCT_NAME = "链表";
			};
			name = Debug;
		};
		8EB781861D45F79E000B6BDE /* Release */ = {
			isa = XCBuildConfiguration;
			buildSettings = {
				ASSETCATALOG_COMPILER_APPICON_NAME = AppIcon;
				INFOPLIST_FILE = "$(SRCROOT)/链表/Info.plist";
				LD_RUNPATH_SEARCH_PATHS = "$(inherited) @executable_path/Frameworks";
				PRODUCT_BUNDLE_IDENTIFIER = "com.zh.---";
				PRODUCT_NAME = "链表";
			};
			name = Release;
		};
		8EB781881D45F79E000B6BDE /* Debug */ = {
			isa = XCBuildConfiguration;
			buildSettings = {
				BUNDLE_LOADER = "$(TEST_HOST)";
				INFOPLIST_FILE = "单链表Tests/Info.plist";
				LD_RUNPATH_SEARCH_PATHS = "$(inherited) @executable_path/Frameworks @loader_path/Frameworks";
				PRODUCT_BUNDLE_IDENTIFIER = "com.zh.---Tests";
				PRODUCT_NAME = "链表";
				TEST_HOST = "$(BUILT_PRODUCTS_DIR)/链表.app/链表";
			};
			name = Debug;
		};
		8EB781891D45F79E000B6BDE /* Release */ = {
			isa = XCBuildConfiguration;
			buildSettings = {
				BUNDLE_LOADER = "$(TEST_HOST)";
				INFOPLIST_FILE = "单链表Tests/Info.plist";
				LD_RUNPATH_SEARCH_PATHS = "$(inherited) @executable_path/Frameworks @loader_path/Frameworks";
				PRODUCT_BUNDLE_IDENTIFIER = "com.zh.---Tests";
				PRODUCT_NAME = "链表";
				TEST_HOST = "$(BUILT_PRODUCTS_DIR)/链表.app/链表";
			};
			name = Release;
		};
/* End XCBuildConfiguration section */

/* Begin XCConfigurationList section */
		8EB7815D1D45F79E000B6BDE /* Build configuration list for PBXProject "链表" */ = {
			isa = XCConfigurationList;
			buildConfigurations = (
				8EB781821D45F79E000B6BDE /* Debug */,
				8EB781831D45F79E000B6BDE /* Release */,
			);
			defaultConfigurationIsVisible = 0;
			defaultConfigurationName = Release;
		};
		8EB781841D45F79E000B6BDE /* Build configuration list for PBXNativeTarget "链表" */ = {
			isa = XCConfigurationList;
			buildConfigurations = (
				8EB781851D45F79E000B6BDE /* Debug */,
				8EB781861D45F79E000B6BDE /* Release */,
			);
			defaultConfigurationIsVisible = 0;
			defaultConfigurationName = Release;
		};
		8EB781871D45F79E000B6BDE /* Build configuration list for PBXNativeTarget "链表Tests" */ = {
			isa = XCConfigurationList;
			buildConfigurations = (
				8EB781881D45F79E000B6BDE /* Debug */,
				8EB781891D45F79E000B6BDE /* Release */,
			);
			defaultConfigurationIsVisible = 0;
			defaultConfigurationName = Release;
		};
/* End XCConfigurationList section */
	};
	rootObject = 8EB7815A1D45F79E000B6BDE /* Project object */;
}
